version = 1
revision = 2
requires-python = ">=3.12"

[[package]]
name = "anyio"
version = "4.14.2"
source = { registry = "https://pypi.org/simple" }
dependencies = [
    { name = "idna" },
    { name = "typing-extensions", marker = "python_full_version < '3.13'" },
]
sdist = { url = "https://files.pythonhosted.org/packages/61/cc/a381afa6efea9f496eff839d4a6a1aed3bfafc7b3ab4b0d1b243a12573dd/anyio-4.14.2.tar.gz", hash = "sha256:cfa139f3ed1a23ee8f88a145ddb5ac7605b8bbfd8592baacd7ce3d8bb4313c7f", size = 260176, upload-time = "2026-07-12T20:29:07.082Z" }
wheels = [
    { url = "https://files.pythonhosted.org/packages/da/35/f2287558c17e29fafc8ef3daf819bb9834061cfa43bff8014f7df7f63bdc/anyio-4.14.2-py3-none-any.whl", hash = "sha256:9f505dda5ac9f0c8309b5e8bd445a8c2bf7246f3ce950121e45ea15bc41d1494", size = 125813, upload-time = "2026-07-12T20:29:05.763Z" },
]

[[package]]
name = "apscheduler"
version = "3.11.3"
source = { registry = "https://pypi.org/simple" }
dependencies = [
    { name = "tzlocal" },
]
sdist = { url = "https://files.pythonhosted.org/packages/8c/6b/eeff360196bb20b312c9e762a820fd1b2c6d809466c755ef57863478e454/apscheduler-3.11.3.tar.gz", hash = "sha256:cd2fcc9330039a81a5893472ad49facf23a6d5604cbe1d918c835c6de7834d5a", size = 110312, upload-time = "2026-06-28T19:39:22.493Z" }
wheels = [
    { url = "https://files.pythonhosted.org/packages/42/c9/8638db32514dbb9157b3d82680c6faea89283523edf9ed2415ea3884f2ae/apscheduler-3.11.3-py3-none-any.whl", hash = "sha256:bbeb2ec02d23d3c06a6c07ed7f0f3939ada6680eb121fae809a69bb42c537a30", size = 66024, upload-time = "2026-06-28T19:39:20.982Z" },
]

[[package]]
name = "asgiref"
version = "3.12.0"
source = { registry = "https://pypi.org/simple" }
sdist = { url = "https://files.pythonhosted.org/packages/73/9b/e1cda73c1b8050ec258f94b426f769f7f1b0835bd9644cb6d561e2e320ca/asgiref-3.12.0.tar.gz", hash = "sha256:37ef86a30c3549f1a469c78c4521a63b8c31c17ee42cf792a2b054af81e23c79", size = 41812, upload-time = "2026-07-14T07:24:44.963Z" }
wheels = [
    { url = "https://files.pythonhosted.org/packages/62/a8/3c32efd053d022ef5a2b91dee5f547ae12fbb08728d6428c8b302ad274c4/asgiref-3.12.0-py3-none-any.whl", hash = "sha256:3d8d6471b12501782d78b513c1f207d613a4de34b8a67c0baa561f61deda1d22", size = 25398, upload-time = "2026-07-14T07:24:43.377Z" },
]

[[package]]
name = "certifi"
version = "2026.6.17"
source = { registry = "https://pypi.org/simple" }
sdist = { url = "https://files.pythonhosted.org/packages/c9/c7/424b75da314c1045981bd9777432fad05a9e0c69daa4ed7e308bbaffe405/certifi-2026.6.17.tar.gz", hash = "sha256:024c88eeec92ca068db80f02b8b07c9cef7b9fe261d1d535abfd5abd6f6af432", size = 134594, upload-time = "2026-06-17T10:31:07.894Z" }
wheels = [
    { url = "https://files.pythonhosted.org/packages/ef/2f/c5464532e965badff2f4c4c1a3a83f5697f0d7c407ed0cda44aaa99bb451/certifi-2026.6.17-py3-none-any.whl", hash = "sha256:2227dcbaafe0d2f59279d1762ddddc37783ed4354594f194ffc31d20f41fc3db", size = 133289, upload-time = "2026-06-17T10:31:06.348Z" },
]

[[package]]
name = "cffi"
version = "2.1.0"
source = { registry = "https://pypi.org/simple" }
dependencies = [
    { name = "pycparser", marker = "implementation_name != 'PyPy'" },
]
sdist = { url = "https://files.pythonhosted.org/packages/57/5f/ff100cae70ebe9d8df1c01a00e510e45d9adb5c1fdda84791b199141de97/cffi-2.1.0.tar.gz", hash = "sha256:efc1cdd798b1aaf39b4610bba7aad28c9bea9b910f25c784ccf9ec1fa719d1f9", size = 531036, upload-time = "2026-07-06T21:34:30.382Z" }
wheels = [
    { url = "https://files.pythonhosted.org/packages/1e/85/990925db5df586ec90beb97529c853497e7f85ba0234830447faf41c3057/cffi-2.1.0-cp312-cp312-macosx_10_15_x86_64.whl", hash = "sha256:df2b82571a1b30f58a87bf4e5a9e78d2b1eff6c6ce8fd3aa3757221f93f0863f", size = 184829, upload-time = "2026-07-06T21:32:44.324Z" },
    { url = "https://files.pythonhosted.org/packages/4b/92/e7bb136ad6b5352603732cf907ef862ca103f20f2031c1735a46300c20c9/cffi-2.1.0-cp312-cp312-macosx_11_0_arm64.whl", hash = "sha256:78474632761faa0fb96f30b1c928c84ebcf68713cbb80d15bab09dfe61640fde", size = 184728, upload-time = "2026-07-06T21:32:45.683Z" },
    { url = "https://files.pythonhosted.org/packages/c3/c0/d1ec30ffb370f748f2fb54425972bfef9871e0132e82fb589c46b6676049/cffi-2.1.0-cp312-cp312-manylinux1_i686.manylinux2014_i686.manylinux_2_17_i686.manylinux_2_5_i686.whl", hash = "sha256:5972433ad71a9e46516584ef60a0fda12d9dc459938d1539c3ddecf9bdc1368d", size = 214815, upload-time = "2026-07-06T21:32:48.557Z" },
    { url = "https://files.pythonhosted.org/packages/1b/dc/5620cf930688be01f2d673804291de757a934c90b946dbdc3d84130c2ea4/cffi-2.1.0-cp312-cp312-manylinux2014_aarch64.manylinux_2_17_aarch64.whl", hash = "sha256:b6422532152adf4e59b110cb2808cee7a033800952f5c036b4af047ee43199e7", size = 222429, upload-time = "2026-07-06T21:32:49.848Z" },
    { url = "https://files.pythonhosted.org/packages/4b/a4/77b53abbf7a1e0beb9637edbef2a94d15f9c822f591e85d439ffd91519a6/cffi-2.1.0-cp312-cp312-manylinux2014_ppc64le.manylinux_2_17_ppc64le.whl", hash = "sha256:46b1c8db8f6122420f32d02fffb924c2fe9bc772d228c7c711748fff56aabb2b", size = 210315, upload-time = "2026-07-06T21:32:51.221Z" },
    { url = "https://files.pythonhosted.org/packages/58/0c/f528df19cc94b675087324d4760d9e6d5bfae97d6217aa4fac43de4f5fcc/cffi-2.1.0-cp312-cp312-manylinux2014_s390x.manylinux_2_17_s390x.whl", hash = "sha256:d9fafc5aa2e2a39aaf7f8cc0c1f044a9b07fca12e558dca53a3cc5c654ad67a7", size = 208859, upload-time = "2026-07-06T21:32:52.512Z" },
    { url = "https://files.pythonhosted.org/packages/62/f2/c9522a81c32132799a1972c39f5c5f8b4c8b9f00488a23feaa6c06f07741/cffi-2.1.0-cp312-cp312-manylinux2014_x86_64.manylinux_2_17_x86_64.whl", hash = "sha256:1e9f50d192a3e525b15a75ab5114e442d83d657b7ec29182a991bc9a88fd3a66", size = 221844, upload-time = "2026-07-06T21:32:53.704Z" },
    { url = "https://files.pythonhosted.org/packages/6e/28/bd53988b9833e8f8ad539d26f4c07a6b3f6bcb1e9e02e7ca038250b3428d/cffi-2.1.0-cp312-cp312-musllinux_1_2_aarch64.whl", hash = "sha256:98fff996e983a36d3aa2eca83af40c5821202e7e6f32d13ae94e3d2286f10cfe", size = 225287, upload-time = "2026-07-06T21:32:54.907Z" },
    { url = "https://files.pythonhosted.org/packages/79/99/0d0fd37f055224085f42bbb2c022d002e17dde4a97972822327b07d84101/cffi-2.1.0-cp312-cp312-musllinux_1_2_x86_64.whl", hash = "sha256:379de10ce1ba048b1448599d1b37b24caee16309d1ac98d3982fc997f768700b", size = 223681, upload-time = "2026-07-06T21:32:56.329Z" },
    { url = "https://files.pythonhosted.org/packages/b0/80/c138990aa2a70b1a269f6e06348729836d733d6f970867943f61d367f8cc/cffi-2.1.0-cp312-cp312-win32.whl", hash = "sha256:9b8f0f26ca4e7513c534d351eca551947d053fac438f2a04ac96d882909b0d3a", size = 175269, upload-time = "2026-07-06T21:32:57.777Z" },
    { url = "https://files.pythonhosted.org/packages/a8/eb/f636456ff21a83fc13c032b58cc5dde061691546ac79efa284b2989b7982/cffi-2.1.0-cp312-cp312-win_amd64.whl", hash = "sha256:c97f080ea627e2863524c5af3836e2270b5f5dfff1f104392b959f8df0c5d384", size = 185881, upload-time = "2026-07-06T21:32:59.253Z" },
    { url = "https://files.pythonhosted.org/packages/dd/2c/400ea43e721727dca8a65c4521390e9196757caba4a45643acb2b63271b8/cffi-2.1.0-cp312-cp312-win_arm64.whl", hash = "sha256:6d194185eabd279f1c05ebe3504265ddfc5ad2b58d0714f7db9f01da592e9eb6", size = 180088, upload-time = "2026-07-06T21:33:02.278Z" },
    { url = "https://files.pythonhosted.org/packages/96/88/a996879e2eeccb815f6e3a5967b12a308257412acec882039d386bd2aa7b/cffi-2.1.0-cp313-cp313-ios_13_0_arm64_iphoneos.whl", hash = "sha256:10537b1df4967ca26d21e5072d7d54188354483b91dc75058968d3f0cf13fbda", size = 194331, upload-time = "2026-07-06T21:33:03.697Z" },
    { url = "https://files.pythonhosted.org/packages/58/85/7ae00d5c8dd6266f4e944c3db630f3c5c9a98b61d469c714d848b1d8138a/cffi-2.1.0-cp313-cp313-ios_13_0_arm64_iphonesimulator.whl", hash = "sha256:a95b05f9baf29b91171b3a8bd2020b028835243e7b0ff6bb23e2a3c228518b1b", size = 196966, upload-time = "2026-07-06T21:33:05.353Z" },
    { url = "https://files.pythonhosted.org/packages/8c/e9/45c3a76ad8d43ad9261f4c95436da61128d3ca545d72b9612c0ab5be0b1c/cffi-2.1.0-cp313-cp313-macosx_10_15_x86_64.whl", hash = "sha256:15faec4adfff450819f3aee0e2e02c812de6edb88203aa58807955db2003472a", size = 184795, upload-time = "2026-07-06T21:33:06.699Z" },
    { url = "https://files.pythonhosted.org/packages/84/4c/82f132cb4418ee6d953d982b19191e87e2a6372c8a4ce36e50b69d6ade4a/cffi-2.1.0-cp313-cp313-macosx_11_0_arm64.whl", hash = "sha256:716ff8ec22f20b4d988b12884086bcef0fc99737043e503f7a3935a6be99b1ea", size = 184746, upload-time = "2026-07-06T21:33:08.071Z" },
    { url = "https://files.pythonhosted.org/packages/a0/1c/4ed5a0e5bdca6cbc275556de3328dd1b76fd0c11cc13c88fe66d1d8715f2/cffi-2.1.0-cp313-cp313-manylinux1_i686.manylinux2014_i686.manylinux_2_17_i686.manylinux_2_5_i686.whl", hash = "sha256:63960549e4f8dc41e31accb97b975abaecfc44c03e396c093a6436763c2ea7db", size = 214747, upload-time = "2026-07-06T21:33:09.671Z" },
    { url = "https://files.pythonhosted.org/packages/3a/a6/e879bb68cc23a2bc9ba8f4b7d8019f0c2694bad2ab6c4a3701d429439f58/cffi-2.1.0-cp313-cp313-manylinux2014_aarch64.manylinux_2_17_aarch64.whl", hash = "sha256:ff067a8d8d880e7809e4ac88eb009bb848870115317b306666502ccad30b147f", size = 222392, upload-time = "2026-07-06T21:33:10.896Z" },
    { url = "https://files.pythonhosted.org/packages/88/f6/01890cfd63c08f8eb96a8319b0443690197d240a8bd6346048cf7bde9190/cffi-2.1.0-cp313-cp313-manylinux2014_ppc64le.manylinux_2_17_ppc64le.whl", hash = "sha256:3b926723c13eba9f81d2ef3820d63aeceec3b2d4639906047bf675cb8a7a500d", size = 210285, upload-time = "2026-07-06T21:33:12.251Z" },
    { url = "https://files.pythonhosted.org/packages/a6/cf/2b684132056f438567b61e19d690dd31cd0921ace051e0a458be6074369e/cffi-2.1.0-cp313-cp313-manylinux2014_s390x.manylinux_2_17_s390x.whl", hash = "sha256:47ff3a8bfd8cb9da1af7524b965127095055654c177fcfc7578debcb015eecd0", size = 208801, upload-time = "2026-07-06T21:33:13.617Z" },
    { url = "https://files.pythonhosted.org/packages/6f/08/f2e7d62c460faae0926f2d6e423694aa409ced3bc1fe2927a0a6e5f05416/cffi-2.1.0-cp313-cp313-manylinux2014_x86_64.manylinux_2_17_x86_64.whl", hash = "sha256:799416bae98336e400981ff6e532d67d5c709cfb30afb79865a1315f94b0e224", size = 221808, upload-time = "2026-07-06T21:33:15.466Z" },
    { url = "https://files.pythonhosted.org/packages/38/37/04f54b8e63a02f3d908332c9effbf8c366167c6f733ed8a3d4f79b7e2a1e/cffi-2.1.0-cp313-cp313-musllinux_1_2_aarch64.whl", hash = "sha256:961be50688f7fba2fa65f63712d3b9b341a22311f5253460ce933f52f0de1c8c", size = 225241, upload-time = "2026-07-06T21:33:16.869Z" },
    { url = "https://files.pythonhosted.org/packages/a9/d6/c72eecca433cd3e681c65ed313ab4835d9d4a379704d0f628a6a05f51c2e/cffi-2.1.0-cp313-cp313-musllinux_1_2_x86_64.whl", hash = "sha256:bf5c6cf48238b0eb4c086978c492ad1cbc22373fc5b2d7353b3a598ce6db887a", size = 223588, upload-time = "2026-07-06T21:33:18.239Z" },
    { url = "https://files.pythonhosted.org/packages/c6/4b/e706f67279140f92939da3475ad610df18bfd52d50f14953a8e5fede71d5/cffi-2.1.0-cp313-cp313-win32.whl", hash = "sha256:db3eb7d46527159a878ec3460e9d40615bc25ba337d477db681aea6e4f05c5d2", size = 175248, upload-time = "2026-07-06T21:33:19.799Z" },
    { url = "https://files.pythonhosted.org/packages/5a/47/59eb7975cb0e4ef0afa764ea945b29a5bb4537a9f771cb7d6c8a5dd74c95/cffi-2.1.0-cp313-cp313-win_amd64.whl", hash = "sha256:8e74a6135550c4748af665b1b1118b6aab33b1fc6a16f9aff630af107c3b4512", size = 185717, upload-time = "2026-07-06T21:33:21.47Z" },
    { url = "https://files.pythonhosted.org/packages/5a/af/34fee85c48f8d94efc8597bc09470c9dd274c145f1c12e0fbc6ab6d38d74/cffi-2.1.0-cp313-cp313-win_arm64.whl", hash = "sha256:2282cd5e38aa8accd03e99d1256af8411c84cdbee6a89d841b563fdbd1f3e50f", size = 180114, upload-time = "2026-07-06T21:33:22.515Z" },
    { url = "https://files.pythonhosted.org/packages/d8/f0/81478e482afa03f6d18dc8f2afb5edc45b3080853b634b5ed91961be0998/cffi-2.1.0-cp314-cp314-ios_13_0_arm64_iphoneos.whl", hash = "sha256:d2117334c3af3bdcb9a88522b844a2bdb5efdc4f71c6c822df55486ae1c3347a", size = 194142, upload-time = "2026-07-06T21:33:23.657Z" },
    { url = "https://files.pythonhosted.org/packages/7d/95/8de304305cd9204974b0ca051b86d307cafca13aa575a0ef1b44d92c0d8c/cffi-2.1.0-cp314-cp314-ios_13_0_arm64_iphonesimulator.whl", hash = "sha256:702c436735fbe99d59ada02a1f65cfc0d31c0ee8b7290912f8fbc5cd1e4b16c3", size = 196819, upload-time = "2026-07-06T21:33:25.007Z" },
    { url = "https://files.pythonhosted.org/packages/20/71/7c8372d30e42415602ed9f268f7cfd66f1b855fed881ecd168bcb45dbc0b/cffi-2.1.0-cp314-cp314-macosx_10_15_x86_64.whl", hash = "sha256:1ff3456eab0d889592d1936d6125bbfbc7ae4d3354a700f8bd80450a66445d4d", size = 184965, upload-time = "2026-07-06T21:33:26.605Z" },
    { url = "https://files.pythonhosted.org/packages/d6/5c/584e626835f0375c928176c04137c96927165cb8733cdb3150ec04e5ee5e/cffi-2.1.0-cp314-cp314-macosx_11_0_arm64.whl", hash = "sha256:c4165821e131d6d4ca444347c2b694e2311bcfa3fe5a861cc72968f28867beac", size = 184952, upload-time = "2026-07-06T21:33:27.823Z" },
    { url = "https://files.pythonhosted.org/packages/2e/d2/065fcae1c73979fac8e054462478d0ff8a29c40cdc2ed7ea5676a061df53/cffi-2.1.0-cp314-cp314-manylinux2014_aarch64.manylinux_2_17_aarch64.whl", hash = "sha256:276f20fffd7b396e12516ba8edf9509210ac248cbbc5acbc39cd512f9f59ebe6", size = 222353, upload-time = "2026-07-06T21:33:29.178Z" },
    { url = "https://files.pythonhosted.org/packages/ed/a5/e8bbb1ce5b3ac2f53ad6a10bde44318a5a8d99d4f4a000d44a6e39aeb3e4/cffi-2.1.0-cp314-cp314-manylinux2014_ppc64le.manylinux_2_17_ppc64le.whl", hash = "sha256:7d5980a3433d4b71a5e120f9dd551403d7824e31e2e67124fe2769c404c06913", size = 210051, upload-time = "2026-07-06T21:33:30.534Z" },
    { url = "https://files.pythonhosted.org/packages/28/ed/c127d3ac36e899c965e3361357c3befacd6578c03f40125183e41c3b219e/cffi-2.1.0-cp314-cp314-manylinux2014_s390x.manylinux_2_17_s390x.whl", hash = "sha256:6ca4919c6e4f89aa99c42510b42cf54596892c00b3f9077f6bdd1505e24b9c8d", size = 208630, upload-time = "2026-07-06T21:33:31.753Z" },
    { url = "https://files.pythonhosted.org/packages/cc/d7/97d3136f81db489ec8d1d67748c110d6c994268fd7528014aa9f2b085e4e/cffi-2.1.0-cp314-cp314-manylinux2014_x86_64.manylinux_2_17_x86_64.whl", hash = "sha256:d53d10f7da99ae46f7373b9150393e9c5eab9b224909982b43832668de4779f5", size = 221593, upload-time = "2026-07-06T21:33:33.044Z" },
    { url = "https://files.pythonhosted.org/packages/d3/27/93195977168ee63aed233a1a0993a2178798654d1f4bddcdd321d6fd3b21/cffi-2.1.0-cp314-cp314-musllinux_1_2_aarch64.whl", hash = "sha256:c351efb95e832a853a29361675f33a7ce53de1a109cd73fd47af0712213aa4ce", size = 225146, upload-time = "2026-07-06T21:33:34.224Z" },
    { url = "https://files.pythonhosted.org/packages/b3/c1/6dbd291ee2ae5a50a034aa057207081f545923bbf15dad4511e985aafff5/cffi-2.1.0-cp314-cp314-musllinux_1_2_x86_64.whl", hash = "sha256:dbf7c7a88e2bac086f06d14577332760bdeecc42bdec8ac4077f6260557d9326", size = 223240, upload-time = "2026-07-06T21:33:35.57Z" },
    { url = "https://files.pythonhosted.org/packages/0f/6f/ade5ce9863a57992a6ea3d0d10d7e29b8749fc127204b3d493d667b2815f/cffi-2.1.0-cp314-cp314-win32.whl", hash = "sha256:1854b724d00f6654c742097d5387569021be12d3a0f770eae1df8f8acfcc6acd", size = 177723, upload-time = "2026-07-06T21:33:51.626Z" },
    { url = "https://files.pythonhosted.org/packages/41/de/92b9eeed4ae4a21d6fd9b2a2c8505cbed573299902ea73981cc13f7ff62c/cffi-2.1.0-cp314-cp314-win_amd64.whl", hash = "sha256:1b96bfe2c4bd825681b7d311ad6d9b7280a091f43e8f63da5729638083cd3bfb", size = 187937, upload-time = "2026-07-06T21:33:53.403Z" },
    { url = "https://files.pythonhosted.org/packages/2e/1a/cc6ae6c2913a03aab8898eee57963cf1035b8df5872ed8b9115fcc7e2be8/cffi-2.1.0-cp314-cp314-win_arm64.whl", hash = "sha256:7d28dff1db6764108bc30788d85d61c876beff416d9a49cb9dd7c5a9f34f5804", size = 183001, upload-time = "2026-07-06T21:33:54.74Z" },
    { url = "https://files.pythonhosted.org/packages/14/f0/134c00ce0779ec86dea2aa1aac69339c2741a8045072676763512363a2ea/cffi-2.1.0-cp314-cp314t-macosx_10_15_x86_64.whl", hash = "sha256:7ea6b3e2c4250ff1de21c630fe72d0f63eb95c2c32ffbf64a358cf4a8836d714", size = 188538, upload-time = "2026-07-06T21:33:36.792Z" },
    { url = "https://files.pythonhosted.org/packages/50/d8/3b86aba791cb610d24e8a3e1b2cd529e71fa15096b04e4d4e360049d4a4c/cffi-2.1.0-cp314-cp314t-macosx_11_0_arm64.whl", hash = "sha256:6af371f3767faeffc6ac1ef57cdfd25844403e9d3f476c5537caee499de96376", size = 188230, upload-time = "2026-07-06T21:33:38.011Z" },
    { url = "https://files.pythonhosted.org/packages/14/d0/117dcd9209255ad8571fbc8c92ef32593a1d294dcec91ddc4e4db50606f2/cffi-2.1.0-cp314-cp314t-manylinux2014_aarch64.manylinux_2_17_aarch64.whl", hash = "sha256:eb4e8997a49aa2c08a3e43c9045d224448b8941d88e7ac163c7d383e560cbf98", size = 223899, upload-time = "2026-07-06T21:33:39.514Z" },
    { url = "https://files.pythonhosted.org/packages/b6/3d/f20f8b886b254e3ad10e15cd4186d3aed49f3e6a35ab37aab9f8f25f7c03/cffi-2.1.0-cp314-cp314t-manylinux2014_ppc64le.manylinux_2_17_ppc64le.whl", hash = "sha256:bf01d8c84cbea96b944c73b22182e6c7c432b3475632b8111dbfdc95ddad6e13", size = 211652, upload-time = "2026-07-06T21:33:40.851Z" },
    { url = "https://files.pythonhosted.org/packages/28/3b/fad54de07260b93ddeef4b96d0131d57ea900675df1d410ae1deee52d7a6/cffi-2.1.0-cp314-cp314t-manylinux2014_s390x.manylinux_2_17_s390x.whl", hash = "sha256:33eb1ad83ebe8f313e0df035c406227d55a79456704a863fad9842136af5ad7d", size = 210755, upload-time = "2026-07-06T21:33:42.183Z" },
    { url = "https://files.pythonhosted.org/packages/cc/82/3d5c705acb7abbba9bbd7d79b8e62e0f25b6120eb7ae6ac49f1b721722fe/cffi-2.1.0-cp314-cp314t-manylinux2014_x86_64.manylinux_2_17_x86_64.whl", hash = "sha256:ac0f1a2d0cfa7eea3f2aaf006ab6e70e8feeb16b75d65b7e5939982ca2f11056", size = 223933, upload-time = "2026-07-06T21:33:43.603Z" },
    { url = "https://files.pythonhosted.org/packages/6c/d0/47e338384ab6b1004241002fa616301020cea4fc95f283506565d252f276/cffi-2.1.0-cp314-cp314t-musllinux_1_2_aarch64.whl", hash = "sha256:c16914df9fb7f500e440e6875fa23ff5e0b31db01fa9c06af98d59a91f0dc2e4", size = 226749, upload-time = "2026-07-06T21:33:45.046Z" },
    { url = "https://files.pythonhosted.org/packages/70/25/65bd5b58ea4bfdfc15cde02cb5365f89ef8ab8b2adfb8fe5c4bd4233382f/cffi-2.1.0-cp314-cp314t-musllinux_1_2_x86_64.whl", hash = "sha256:5ecbd0499275d57506d397eebe1981cee87b47fcd9ef5c22cab7ed7644a39a94", size = 225703, upload-time = "2026-07-06T21:33:46.374Z" },
    { url = "https://files.pythonhosted.org/packages/dc/78/aa01ac599a8a4322533d45a1f9bc93b338276d2d59dabbe7c6d92a775c81/cffi-2.1.0-cp314-cp314t-win32.whl", hash = "sha256:7d034dcffa09e9a46c93fa3a3be402096cb5354ac6e41ab8e5cc9cd8b642ad76", size = 182857, upload-time = "2026-07-06T21:33:47.696Z" },
    { url = "https://files.pythonhosted.org/packages/b9/26/d00496b22de4d4228f32dde94ad996f350c8aad676d63bcca0743c8dea4d/cffi-2.1.0-cp314-cp314t-win_amd64.whl", hash = "sha256:0582a58f3051372229ca8e7f5f589f9e5632678208d8636fea3676711fdf7fe5", size = 194065, upload-time = "2026-07-06T21:33:48.953Z" },
    { url = "https://files.pythonhosted.org/packages/d5/dd/0c7dbf815a579ff005008a2d815a55d6bb047c349eef536d9dc53d3f0a8d/cffi-2.1.0-cp314-cp314t-win_arm64.whl", hash = "sha256:510aeeeac94811b138077451da1fb18b308a5feab47dd2b603af55804155e1c8", size = 186404, upload-time = "2026-07-06T21:33:50.309Z" },
    { url = "https://files.pythonhosted.org/packages/55/c7/8c8c50cb11c6750051daf12164098a9a6f027ac4356967fd4d800a07f242/cffi-2.1.0-cp315-cp315-ios_13_0_arm64_iphoneos.whl", hash = "sha256:2e9dabb9abcb7ad15938c7196ad5c1718a4e6d33cc79b4c0209bdb64c4a54a5c", size = 194121, upload-time = "2026-07-06T21:33:56.109Z" },
    { url = "https://files.pythonhosted.org/packages/99/e2/67680bf19a6b60d2bb7ff83baefa2a4c3d2d7dc0f3277034b802e1fc504c/cffi-2.1.0-cp315-cp315-ios_13_0_arm64_iphonesimulator.whl", hash = "sha256:37f525a7e7e50c017fdebe58b787be310ad59357ae43a053943a6e1a6c526001", size = 196820, upload-time = "2026-07-06T21:33:57.288Z" },
    { url = "https://files.pythonhosted.org/packages/ed/da/4bbe583a3b3a5c8c60892124fe17f3fa3656523faf0d3484eae90f091853/cffi-2.1.0-cp315-cp315-macosx_10_15_x86_64.whl", hash = "sha256:95f2954c2c9473d892eca6e0409f3568b37ab62a8eedb122461f73cc273476e3", size = 184936, upload-time = "2026-07-06T21:33:58.765Z" },
    { url = "https://files.pythonhosted.org/packages/e5/4b/1f4c36ab273980d7aa75bb126ea4f8971f24a96108acad3a0a084028c57b/cffi-2.1.0-cp315-cp315-macosx_11_0_arm64.whl", hash = "sha256:cdf2448aab5f661c9315308ec8b93f4e8a1a67a3c733f8631067a2b67d5913dc", size = 185045, upload-time = "2026-07-06T21:34:00.085Z" },
    { url = "https://files.pythonhosted.org/packages/ef/c3/ad299dc38f3583f8d916b299f028af418a9ec98bc695fcbebeae7420691c/cffi-2.1.0-cp315-cp315-manylinux2014_aarch64.manylinux_2_17_aarch64.whl", hash = "sha256:90bec57cf82089383bd06a605b3eb8daebf7e5a668520beaf6e327a83a947699", size = 222342, upload-time = "2026-07-06T21:34:01.814Z" },
    { url = "https://files.pythonhosted.org/packages/eb/d8/df4543cc087245044ed02ef3ad8e0a26619d0075ac7a77a12dc81177851b/cffi-2.1.0-cp315-cp315-manylinux2014_ppc64le.manylinux_2_17_ppc64le.whl", hash = "sha256:6274dcb2d15cef48daa73ed1be5a40d501d74dccd0cd6db364776d12cb6ba022", size = 210073, upload-time = "2026-07-06T21:34:03.255Z" },
    { url = "https://files.pythonhosted.org/packages/2c/0e/fac738d73728c6cea2a88a2883dca54892496cbba88a1dc1f2909cb8a6f5/cffi-2.1.0-cp315-cp315-manylinux2014_s390x.manylinux_2_17_s390x.whl", hash = "sha256:2b71d409cccee78310ab5dec549aed052aaea483346e282c7b02362596e01bb0", size = 208551, upload-time = "2026-07-06T21:34:04.433Z" },
    { url = "https://files.pythonhosted.org/packages/e6/3f/0b04a700dd64f465c93020253a793a82c9b4dff9961f48facd0df945d9b8/cffi-2.1.0-cp315-cp315-manylinux2014_x86_64.manylinux_2_17_x86_64.whl", hash = "sha256:7d3538f9c0e50670f4deb93dbb696576e60590369cae2faf7de681e597a8a1f1", size = 221649, upload-time = "2026-07-06T21:34:06.157Z" },
    { url = "https://files.pythonhosted.org/packages/5d/7c/b7379a5704c79eda57ce075869ba70a0368d1c850f803b3c0d078d39dcaf/cffi-2.1.0-cp315-cp315-musllinux_1_2_aarch64.whl", hash = "sha256:8f9ec95b8a043d3dfbc74d9abc6f7baf524dd27a8dc160b0a32ff9cdab650c28", size = 225203, upload-time = "2026-07-06T21:34:07.489Z" },
    { url = "https://files.pythonhosted.org/packages/5a/02/d5e6c43ea85c41bda2a184a3418f195fe7cf602967a8d2b94e085b83deef/cffi-2.1.0-cp315-cp315-musllinux_1_2_x86_64.whl", hash = "sha256:af5e2915d41fe6c961694d7bfdc8562942638200f3ce2765dfb8b745cf997629", size = 223263, upload-time = "2026-07-06T21:34:08.712Z" },
    { url = "https://files.pythonhosted.org/packages/2c/d8/772b8259bf75749adffb1c546828978381fb516f60cf701f6c83daf60c85/cffi-2.1.0-cp315-cp315-win32.whl", hash = "sha256:0a42c688d19fca6e095a53c6a6e2295a5b050a8b289f109adab02a9e61a25de6", size = 177696, upload-time = "2026-07-06T21:34:26.355Z" },
    { url = "https://files.pythonhosted.org/packages/2f/dd/afa2191fc6d57fedd26e5844a2fe2fcc0bbfa00961bbaa5a41e4921e7cca/cffi-2.1.0-cp315-cp315-win_amd64.whl", hash = "sha256:bccbbb5ee76a61f9d99b5bf3846a51d7fca4b6a732fe46f89295610edaf41853", size = 187914, upload-time = "2026-07-06T21:34:27.58Z" },
    { url = "https://files.pythonhosted.org/packages/05/ef/6cd4f8c671517162379dc79cfae5aea9106bc38abb89628d5c16adf6a838/cffi-2.1.0-cp315-cp315-win_arm64.whl", hash = "sha256:8d35c139744adb3e727cd51b1a18324bbe44b8bd41bf8322bca4d41289f48eda", size = 183004, upload-time = "2026-07-06T21:34:28.905Z" },
    { url = "https://files.pythonhosted.org/packages/11/b6/12fc55092817a5faa26fb8c40c7f9d662e11a46ee248c137aafc42517d92/cffi-2.1.0-cp315-cp315t-macosx_10_15_x86_64.whl", hash = "sha256:f9912624a0c0b834b7520d7769b3644453aabc0a7e1c839da7359f050750e9bc", size = 188378, upload-time = "2026-07-06T21:34:09.926Z" },
    { url = "https://files.pythonhosted.org/packages/8d/2e/cdac88979f295fde5daa69622c7d2111e56e7ceb94f211357fbe452339e4/cffi-2.1.0-cp315-cp315t-macosx_11_0_arm64.whl", hash = "sha256:df92f2aba50eb4d96718b68ef76f2e57a57b54f2fa62333496d16c6d585a85ca", size = 188319, upload-time = "2026-07-06T21:34:11.101Z" },
    { url = "https://files.pythonhosted.org/packages/e0/27/1d0b408497e41a74795af122d7b603c418c5fed0171450f899afd04e594f/cffi-2.1.0-cp315-cp315t-manylinux2014_aarch64.manylinux_2_17_aarch64.whl", hash = "sha256:0520e1f4c35f44e209cbbb421b67eec42e6a157f59444dfb6058874ff3610e5d", size = 223904, upload-time = "2026-07-06T21:34:12.606Z" },
    { url = "https://files.pythonhosted.org/packages/8b/31/e115c985105dd7ffb32444505f18ceb874bb42d992af05d5dced7ecf1980/cffi-2.1.0-cp315-cp315t-manylinux2014_ppc64le.manylinux_2_17_ppc64le.whl", hash = "sha256:3681e031db29958a7502f5c0c9d6bbc4c36cb20f7b104086fa642d1799631ff8", size = 211554, upload-time = "2026-07-06T21:34:13.987Z" },
    { url = "https://files.pythonhosted.org/packages/5a/67/9e6e09409336d9e515c58367e7cfcf4f89df06ad25252675595a58eb59d5/cffi-2.1.0-cp315-cp315t-manylinux2014_s390x.manylinux_2_17_s390x.whl", hash = "sha256:762f99479dcb369f60ab9017ad4ab97a36a1dd7c1ee5a3b15db0f4b8659120cd", size = 210795, upload-time = "2026-07-06T21:34:15.972Z" },
    { url = "https://files.pythonhosted.org/packages/19/e5/d3cc82a4a0be7902af279c04181ad038449c096734464a5ae1de3e1401bd/cffi-2.1.0-cp315-cp315t-manylinux2014_x86_64.manylinux_2_17_x86_64.whl", hash = "sha256:0611e7ebf90573a535ebdc33ae9da222d037853983e13359f580fab781ca017f", size = 223843, upload-time = "2026-07-06T21:34:17.509Z" },
    { url = "https://files.pythonhosted.org/packages/b9/65/b434abc97ce7cecc2c640fde160507c0ecc7e21544b483ba3325d2e2ea17/cffi-2.1.0-cp315-cp315t-musllinux_1_2_aarch64.whl", hash = "sha256:86cf8755a791f72c85dc287128cc62d4f24d392e3f1e15837245623f4a33cccc", size = 226773, upload-time = "2026-07-06T21:34:19.05Z" },
    { url = "https://files.pythonhosted.org/packages/b5/9f/d4dc66ca651eb1145a133314cda721abf13cfac3d28c4a0402263ae6ad75/cffi-2.1.0-cp315-cp315t-musllinux_1_2_x86_64.whl", hash = "sha256:ba00f661f8ba35d075c937174e27c2c421cec3942fd2e0ea3e66996757c0fdd9", size = 225719, upload-time = "2026-07-06T21:34:20.576Z" },
    { url = "https://files.pythonhosted.org/packages/68/5a/e536c528bc8057496c360c0978559a2dc45653f89dd6151078aa7d8fca1a/cffi-2.1.0-cp315-cp315t-win32.whl", hash = "sha256:cb96698e3c7413d906ce83f8ffd245ec1bd94707541f299d0ce4d6b0193e982b", size = 182760, upload-time = "2026-07-06T21:34:22.059Z" },
    { url = "https://files.pythonhosted.org/packages/d3/0b/0ffe8b82d3875bced5fa1e7986a7a46b748262a40ab7f60b475eb9fb1bb3/cffi-2.1.0-cp315-cp315t-win_amd64.whl", hash = "sha256:f146d154428a2523f9cc7936c02353c2459b8f6cf07d3cd1ee1c0a611109c5d5", size = 193769, upload-time = "2026-07-06T21:34:23.589Z" },
    { url = "https://files.pythonhosted.org/packages/a0/17/1073b53b68c9b5ca6914adf5f8bf55aacc2d3be102418c90700160ea8605/cffi-2.1.0-cp315-cp315t-win_arm64.whl", hash = "sha256:cbb7640ce37159548d2147b5b8c241f962143d4c71231431820783f4dc78f210", size = 186405, upload-time = "2026-07-06T21:34:24.857Z" },
]

[[package]]
name = "cryptography"
version = "42.0.8"
source = { registry = "https://pypi.org/simple" }
dependencies = [
    { name = "cffi", marker = "platform_python_implementation != 'PyPy'" },
]
sdist = { url = "https://files.pythonhosted.org/packages/93/a7/1498799a2ea06148463a9a2c10ab2f6a921a74fb19e231b27dc412a748e2/cryptography-42.0.8.tar.gz", hash = "sha256:8d09d05439ce7baa8e9e95b07ec5b6c886f548deb7e0f69ef25f64b3bce842f2", size = 671250, upload-time = "2024-06-04T19:55:08.609Z" }
wheels = [
    { url = "https://files.pythonhosted.org/packages/f9/8b/1b929ba8139430e09e140e6939c2b29c18df1f2fc2149e41bdbdcdaf5d1f/cryptography-42.0.8-cp37-abi3-macosx_10_12_universal2.whl", hash = "sha256:81d8a521705787afe7a18d5bfb47ea9d9cc068206270aad0b96a725022e18d2e", size = 5899961, upload-time = "2024-06-04T19:53:57.933Z" },
    { url = "https://files.pythonhosted.org/packages/fa/5d/31d833daa800e4fab33209843095df7adb4a78ea536929145534cbc15026/cryptography-42.0.8-cp37-abi3-macosx_10_12_x86_64.whl", hash = "sha256:961e61cefdcb06e0c6d7e3a1b22ebe8b996eb2bf50614e89384be54c48c6b63d", size = 3114353, upload-time = "2024-06-04T19:54:12.171Z" },
    { url = "https://files.pythonhosted.org/packages/5d/32/f6326c70a9f0f258a201d3b2632bca586ea24d214cec3cf36e374040e273/cryptography-42.0.8-cp37-abi3-manylinux_2_17_aarch64.manylinux2014_aarch64.whl", hash = "sha256:e3ec3672626e1b9e55afd0df6d774ff0e953452886e06e0f1eb7eb0c832e8902", size = 3647773, upload-time = "2024-06-04T19:54:07.051Z" },
    { url = "https://files.pythonhosted.org/packages/35/66/2d87e9ca95c82c7ee5f2c09716fc4c4242c1ae6647b9bd27e55e920e9f10/cryptography-42.0.8-cp37-abi3-manylinux_2_17_x86_64.manylinux2014_x86_64.whl", hash = "sha256:e599b53fd95357d92304510fb7bda8523ed1f79ca98dce2f43c115950aa78801", size = 3839763, upload-time = "2024-06-04T19:54:30.383Z" },
    { url = "https://files.pythonhosted.org/packages/c2/de/8083fa2e68d403553a01a9323f4f8b9d7ffed09928ba25635c29fb28c1e7/cryptography-42.0.8-cp37-abi3-manylinux_2_28_aarch64.whl", hash = "sha256:5226d5d21ab681f432a9c1cf8b658c0cb02533eece706b155e5fbd8a0cdd3949", size = 3632661, upload-time = "2024-06-04T19:54:32.955Z" },
    { url = "https://files.pythonhosted.org/packages/07/40/d6f6819c62e808ea74639c3c640f7edd636b86cce62cb14943996a15df92/cryptography-42.0.8-cp37-abi3-manylinux_2_28_x86_64.whl", hash = "sha256:6b7c4f03ce01afd3b76cf69a5455caa9cfa3de8c8f493e0d3ab7d20611c8dae9", size = 3851536, upload-time = "2024-06-04T19:53:53.131Z" },
    { url = "https://files.pythonhosted.org/packages/5c/46/de71d48abf2b6d3c808f4fbb0f4dc44a4e72786be23df0541aa2a3f6fd7e/cryptography-42.0.8-cp37-abi3-musllinux_1_1_aarch64.whl", hash = "sha256:2346b911eb349ab547076f47f2e035fc8ff2c02380a7cbbf8d87114fa0f1c583", size = 3754209, upload-time = "2024-06-04T19:54:55.259Z" },
    { url = "https://files.pythonhosted.org/packages/25/c9/86f04e150c5d5d5e4a731a2c1e0e43da84d901f388e3fea3d5de98d689a7/cryptography-42.0.8-cp37-abi3-musllinux_1_1_x86_64.whl", hash = "sha256:ad803773e9df0b92e0a817d22fd8a3675493f690b96130a5e24f1b8fabbea9c7", size = 3923551, upload-time = "2024-06-04T19:54:16.46Z" },
    { url = "https://files.pythonhosted.org/packages/53/c2/903014dafb7271fb148887d4355b2e90319cad6e810663be622b0c933fc9/cryptography-42.0.8-cp37-abi3-musllinux_1_2_aarch64.whl", hash = "sha256:2f66d9cd9147ee495a8374a45ca445819f8929a3efcd2e3df6428e46c3cbb10b", size = 3739265, upload-time = "2024-06-04T19:54:23.194Z" },
    { url = "https://files.pythonhosted.org/packages/95/26/82d704d988a193cbdc69ac3b41c687c36eaed1642cce52530ad810c35645/cryptography-42.0.8-cp37-abi3-musllinux_1_2_x86_64.whl", hash = "sha256:d45b940883a03e19e944456a558b67a41160e367a719833c53de6911cabba2b7", size = 3937371, upload-time = "2024-06-04T19:55:04.303Z" },
    { url = "https://files.pythonhosted.org/packages/cf/71/4e0d05c9acd638a225f57fb6162aa3d03613c11b76893c23ea4675bb28c5/cryptography-42.0.8-cp37-abi3-win32.whl", hash = "sha256:a0c5b2b0585b6af82d7e385f55a8bc568abff8923af147ee3c07bd8b42cda8b2", size = 2438849, upload-time = "2024-06-04T19:54:27.39Z" },
    { url = "https://files.pythonhosted.org/packages/06/0f/78da3cad74f2ba6c45321dc90394d70420ea846730dc042ef527f5a224b5/cryptography-42.0.8-cp37-abi3-win_amd64.whl", hash = "sha256:57080dee41209e556a9a4ce60d229244f7a66ef52750f813bfbe18959770cfba", size = 2889090, upload-time = "2024-06-04T19:54:14.245Z" },
    { url = "https://files.pythonhosted.org/packages/60/12/f064af29190cdb1d38fe07f3db6126091639e1dece7ec77c4ff037d49193/cryptography-42.0.8-cp39-abi3-macosx_10_12_universal2.whl", hash = "sha256:dea567d1b0e8bc5764b9443858b673b734100c2871dc93163f58c46a97a83d28", size = 5901232, upload-time = "2024-06-04T19:54:52.722Z" },
    { url = "https://files.pythonhosted.org/packages/43/c2/4a3eef67e009a522711ebd8ac89424c3a7fe591ece7035d964419ad52a1d/cryptography-42.0.8-cp39-abi3-manylinux_2_17_aarch64.manylinux2014_aarch64.whl", hash = "sha256:c4783183f7cb757b73b2ae9aed6599b96338eb957233c58ca8f49a49cc32fd5e", size = 3648711, upload-time = "2024-06-04T19:54:44.323Z" },
    { url = "https://files.pythonhosted.org/packages/49/1c/9f6d13cc8041c05eebff1154e4e71bedd1db8e174fff999054435994187a/cryptography-42.0.8-cp39-abi3-manylinux_2_17_x86_64.manylinux2014_x86_64.whl", hash = "sha256:a0608251135d0e03111152e41f0cc2392d1e74e35703960d4190b2e0f4ca9c70", size = 3841968, upload-time = "2024-06-04T19:54:57.911Z" },
    { url = "https://files.pythonhosted.org/packages/5f/f9/c3d4f19b82bdb25a3d857fe96e7e571c981810e47e3f299cc13ac429066a/cryptography-42.0.8-cp39-abi3-manylinux_2_28_aarch64.whl", hash = "sha256:dc0fdf6787f37b1c6b08e6dfc892d9d068b5bdb671198c72072828b80bd5fe4c", size = 3633032, upload-time = "2024-06-04T19:54:48.518Z" },
    { url = "https://files.pythonhosted.org/packages/fa/e2/b7e6e8c261536c489d9cf908769880d94bd5d9a187e166b0dc838d2e6a56/cryptography-42.0.8-cp39-abi3-manylinux_2_28_x86_64.whl", hash = "sha256:9c0c1716c8447ee7dbf08d6db2e5c41c688544c61074b54fc4564196f55c25a7", size = 3852478, upload-time = "2024-06-04T19:54:50.599Z" },
    { url = "https://files.pythonhosted.org/packages/a2/68/e16751f6b859bc120f53fddbf3ebada5c34f0e9689d8af32884d8b2e4b4c/cryptography-42.0.8-cp39-abi3-musllinux_1_1_aarch64.whl", hash = "sha256:fff12c88a672ab9c9c1cf7b0c80e3ad9e2ebd9d828d955c126be4fd3e5578c9e", size = 3754102, upload-time = "2024-06-04T19:54:46.231Z" },
    { url = "https://files.pythonhosted.org/packages/0f/38/85c74d0ac4c540780e072b1e6f148ecb718418c1062edcb20d22f3ec5bbb/cryptography-42.0.8-cp39-abi3-musllinux_1_1_x86_64.whl", hash = "sha256:cafb92b2bc622cd1aa6a1dce4b93307792633f4c5fe1f46c6b97cf67073ec961", size = 3925042, upload-time = "2024-06-04T19:54:34.767Z" },
    { url = "https://files.pythonhosted.org/packages/89/f4/a8b982e88eb5350407ebdbf4717b55043271d878705329e107f4783555f2/cryptography-42.0.8-cp39-abi3-musllinux_1_2_aarch64.whl", hash = "sha256:31f721658a29331f895a5a54e7e82075554ccfb8b163a18719d342f5ffe5ecb1", size = 3738833, upload-time = "2024-06-04T19:54:05.231Z" },
    { url = "https://files.pythonhosted.org/packages/fd/2b/be327b580645927bb1a1f32d5a175b897a9b956bc085b095e15c40bac9ed/cryptography-42.0.8-cp39-abi3-musllinux_1_2_x86_64.whl", hash = "sha256:b297f90c5723d04bcc8265fc2a0f86d4ea2e0f7ab4b6994459548d3a6b992a14", size = 3938751, upload-time = "2024-06-04T19:54:37.837Z" },
    { url = "https://files.pythonhosted.org/packages/3c/d5/c6a78ffccdbe4516711ebaa9ed2c7eb6ac5dfa3dc920f2c7e920af2418b0/cryptography-42.0.8-cp39-abi3-win32.whl", hash = "sha256:2f88d197e66c65be5e42cd72e5c18afbfae3f741742070e3019ac8f4ac57262c", size = 2439281, upload-time = "2024-06-04T19:53:55.903Z" },
    { url = "https://files.pythonhosted.org/packages/a2/7b/b0d330852dd5953daee6b15f742f15d9f18e9c0154eb4cfcc8718f0436da/cryptography-42.0.8-cp39-abi3-win_amd64.whl", hash = "sha256:fa76fbb7596cc5839320000cdd5d0955313696d9511debab7ee7278fc8b5c84a", size = 2886038, upload-time = "2024-06-04T19:54:18.707Z" },
]

[[package]]
name = "django"
version = "6.0.7"
source = { registry = "https://pypi.org/simple" }
dependencies = [
    { name = "asgiref" },
    { name = "sqlparse" },
    { name = "tzdata", marker = "sys_platform == 'win32'" },
]
sdist = { url = "https://files.pythonhosted.org/packages/89/55/664f24ff81c9ea19cb7dfc851afeae1f3c2390c7aee01d4ded68b5c1580d/django-6.0.7.tar.gz", hash = "sha256:2998503fc083124fb58037084bfa00de323c7c743f05f1b4284e77bff0ab8890", size = 10921299, upload-time = "2026-07-07T13:51:26.485Z" }
wheels = [
    { url = "https://files.pythonhosted.org/packages/ba/ec/1ce5334b6a2c52ce619c23a0be8d366a57a0e080ebb2d88266e5c849157c/django-6.0.7-py3-none-any.whl", hash = "sha256:a037427c2288443a8c02a1b02295a31c239663aa682bc50b1976afb7cf6a769e", size = 8373344, upload-time = "2026-07-07T13:51:20.007Z" },
]

[[package]]
name = "django-cors-headers"
version = "4.9.0"
source = { registry = "https://pypi.org/simple" }
dependencies = [
    { name = "asgiref" },
    { name = "django" },
]
sdist = { url = "https://files.pythonhosted.org/packages/21/39/55822b15b7ec87410f34cd16ce04065ff390e50f9e29f31d6d116fc80456/django_cors_headers-4.9.0.tar.gz", hash = "sha256:fe5d7cb59fdc2c8c646ce84b727ac2bca8912a247e6e68e1fb507372178e59e8", size = 21458, upload-time = "2025-09-18T10:40:52.326Z" }
wheels = [
    { url = "https://files.pythonhosted.org/packages/30/d8/19ed1e47badf477d17fb177c1c19b5a21da0fd2d9f093f23be3fb86c5fab/django_cors_headers-4.9.0-py3-none-any.whl", hash = "sha256:15c7f20727f90044dcee2216a9fd7303741a864865f0c3657e28b7056f61b449", size = 12809, upload-time = "2025-09-18T10:40:50.843Z" },
]

[[package]]
name = "django-environ"
version = "0.14.0"
source = { registry = "https://pypi.org/simple" }
sdist = { url = "https://files.pythonhosted.org/packages/57/e1/4c4ddcf6e90f023e89edb1d92f9a7fffce61ad4b691df497f2f5c0be6e26/django_environ-0.14.0.tar.gz", hash = "sha256:b6c48d93b9d2ff8a3ea14099e90c35aa4f101c1b4d5f262dfee0d27b06742ed7", size = 60417, upload-time = "2026-06-18T22:49:55.847Z" }
wheels = [
    { url = "https://files.pythonhosted.org/packages/1a/fe/67b423fc30f16d10259e901320fbc121746bf168aaaad9043e6ebb0110c1/django_environ-0.14.0-py3-none-any.whl", hash = "sha256:8dbe8a57f0a540ab8abd6f54f230de5e99e3a2c9d797cb9caecb037bca3d47d8", size = 20934, upload-time = "2026-06-18T22:49:54.355Z" },
]

[[package]]
name = "djangorestframework"
version = "3.17.1"
source = { registry = "https://pypi.org/simple" }
dependencies = [
    { name = "django" },
]
sdist = { url = "https://files.pythonhosted.org/packages/ca/d7/c016e69fac19ff8afdc89db9d31d9ae43ae031e4d1993b20aca179b8301a/djangorestframework-3.17.1.tar.gz", hash = "sha256:a6def5f447fe78ff853bff1d47a3c59bf38f5434b031780b351b0c73a62db1a5", size = 905742, upload-time = "2026-03-24T16:58:33.705Z" }
wheels = [
    { url = "https://files.pythonhosted.org/packages/5a/e1/2c516bdc83652b1a60c6119366ac2c0607b479ed05cd6093f916ca8928f8/djangorestframework-3.17.1-py3-none-any.whl", hash = "sha256:c3c74dd3e83a5a3efc37b3c18d92bd6f86a6791c7b7d4dff62bb068500e76457", size = 898844, upload-time = "2026-03-24T16:58:31.845Z" },
]

[[package]]
name = "gunicorn"
version = "22.0.0"
source = { registry = "https://pypi.org/simple" }
dependencies = [
    { name = "packaging" },
]
sdist = { url = "https://files.pythonhosted.org/packages/1e/88/e2f93c5738a4c1f56a458fc7a5b1676fc31dcdbb182bef6b40a141c17d66/gunicorn-22.0.0.tar.gz", hash = "sha256:4a0b436239ff76fb33f11c07a16482c521a7e09c1ce3cc293c2330afe01bec63", size = 3639760, upload-time = "2024-04-16T22:58:19.218Z" }
wheels = [
    { url = "https://files.pythonhosted.org/packages/29/97/6d610ae77b5633d24b69c2ff1ac3044e0e565ecbd1ec188f02c45073054c/gunicorn-22.0.0-py3-none-any.whl", hash = "sha256:350679f91b24062c86e386e198a15438d53a7a8207235a78ba1b53df4c4378d9", size = 84443, upload-time = "2024-04-16T22:58:15.233Z" },
]

[[package]]
name = "h11"
version = "0.16.0"
source = { registry = "https://pypi.org/simple" }
sdist = { url = "https://files.pythonhosted.org/packages/01/ee/02a2c011bdab74c6fb3c75474d40b3052059d95df7e73351460c8588d963/h11-0.16.0.tar.gz", hash = "sha256:4e35b956cf45792e4caa5885e69fba00bdbc6ffafbfa020300e549b208ee5ff1", size = 101250, upload-time = "2025-04-24T03:35:25.427Z" }
wheels = [
    { url = "https://files.pythonhosted.org/packages/04/4b/29cac41a4d98d144bf5f6d33995617b185d14b22401f75ca86f384e87ff1/h11-0.16.0-py3-none-any.whl", hash = "sha256:63cf8bbe7522de3bf65932fda1d9c2772064ffb3dae62d55932da54b31cb6c86", size = 37515, upload-time = "2025-04-24T03:35:24.344Z" },
]

[[package]]
name = "holocron-backend"
version = "1.0.0"
source = { virtual = "." }
dependencies = [
    { name = "apscheduler" },
    { name = "cryptography" },
    { name = "django" },
    { name = "django-cors-headers" },
    { name = "django-environ" },
    { name = "djangorestframework" },
    { name = "gunicorn" },
    { name = "httpx" },
]

[package.metadata]
requires-dist = [
    { name = "apscheduler", specifier = "~=3.0" },
    { name = "cryptography", specifier = "~=42.0" },
    { name = "django", specifier = "~=6.0" },
    { name = "django-cors-headers", specifier = "~=4.4" },
    { name = "django-environ", specifier = "~=0.11" },
    { name = "djangorestframework", specifier = "~=3.15" },
    { name = "gunicorn", specifier = "~=22.0" },
    { name = "httpx", specifier = "~=0.27" },
]

[[package]]
name = "httpcore"
version = "1.0.9"
source = { registry = "https://pypi.org/simple" }
dependencies = [
    { name = "certifi" },
    { name = "h11" },
]
sdist = { url = "https://files.pythonhosted.org/packages/06/94/82699a10bca87a5556c9c59b5963f2d039dbd239f25bc2a63907a05a14cb/httpcore-1.0.9.tar.gz", hash = "sha256:6e34463af53fd2ab5d807f399a9b45ea31c3dfa2276f15a2c3f00afff6e176e8", size = 85484, upload-time = "2025-04-24T22:06:22.219Z" }
wheels = [
    { url = "https://files.pythonhosted.org/packages/7e/f5/f66802a942d491edb555dd61e3a9961140fd64c90bce1eafd741609d334d/httpcore-1.0.9-py3-none-any.whl", hash = "sha256:2d400746a40668fc9dec9810239072b40b4484b640a8c38fd654a024c7a1bf55", size = 78784, upload-time = "2025-04-24T22:06:20.566Z" },
]

[[package]]
name = "httpx"
version = "0.28.1"
source = { registry = "https://pypi.org/simple" }
dependencies = [
    { name = "anyio" },
    { name = "certifi" },
    { name = "httpcore" },
    { name = "idna" },
]
sdist = { url = "https://files.pythonhosted.org/packages/b1/df/48c586a5fe32a0f01324ee087459e112ebb7224f646c0b5023f5e79e9956/httpx-0.28.1.tar.gz", hash = "sha256:75e98c5f16b0f35b567856f597f06ff2270a374470a5c2392242528e3e3e42fc", size = 141406, upload-time = "2024-12-06T15:37:23.222Z" }
wheels = [
    { url = "https://files.pythonhosted.org/packages/2a/39/e50c7c3a983047577ee07d2a9e53faf5a69493943ec3f6a384bdc792deb2/httpx-0.28.1-py3-none-any.whl", hash = "sha256:d909fcccc110f8c7faf814ca82a9a4d816bc5a6dbfea25d6591d6985b8ba59ad", size = 73517, upload-time = "2024-12-06T15:37:21.509Z" },
]

[[package]]
name = "idna"
version = "3.18"
source = { registry = "https://pypi.org/simple" }
sdist = { url = "https://files.pythonhosted.org/packages/cd/63/9496c57188a2ee585e0f1db071d75089a11e98aa86eb99d9d7618fc1edce/idna-3.18.tar.gz", hash = "sha256:ffb385a7e039654cef1ab9ef32c6fafe283c0c0467bba1d9029738ce4a14a848", size = 196711, upload-time = "2026-06-02T14:34:07.794Z" }
wheels = [
    { url = "https://files.pythonhosted.org/packages/1e/5e/d4e9f1a599fb8e573b7b87160658329fbf28d19eac2718f51fc3def3aa5a/idna-3.18-py3-none-any.whl", hash = "sha256:7f952cbe720b688055e3f87de14f5c3e5fdaa8bc3928985c4077ca689de849a2", size = 65455, upload-time = "2026-06-02T14:34:06.319Z" },
]

[[package]]
name = "packaging"
version = "26.2"
source = { registry = "https://pypi.org/simple" }
sdist = { url = "https://files.pythonhosted.org/packages/d7/f1/e7a6dd94a8d4a5626c03e4e99c87f241ba9e350cd9e6d75123f992427270/packaging-26.2.tar.gz", hash = "sha256:ff452ff5a3e828ce110190feff1178bb1f2ea2281fa2075aadb987c2fb221661", size = 228134, upload-time = "2026-04-24T20:15:23.917Z" }
wheels = [
    { url = "https://files.pythonhosted.org/packages/df/b2/87e62e8c3e2f4b32e5fe99e0b86d576da1312593b39f47d8ceef365e95ed/packaging-26.2-py3-none-any.whl", hash = "sha256:5fc45236b9446107ff2415ce77c807cee2862cb6fac22b8a73826d0693b0980e", size = 100195, upload-time = "2026-04-24T20:15:22.081Z" },
]

[[package]]
name = "pycparser"
version = "3.0"
source = { registry = "https://pypi.org/simple" }
sdist = { url = "https://files.pythonhosted.org/packages/1b/7d/92392ff7815c21062bea51aa7b87d45576f649f16458d78b7cf94b9ab2e6/pycparser-3.0.tar.gz", hash = "sha256:600f49d217304a5902ac3c37e1281c9fe94e4d0489de643a9504c5cdfdfc6b29", size = 103492, upload-time = "2026-01-21T14:26:51.89Z" }
wheels = [
    { url = "https://files.pythonhosted.org/packages/0c/c3/44f3fbbfa403ea2a7c779186dc20772604442dde72947e7d01069cbe98e3/pycparser-3.0-py3-none-any.whl", hash = "sha256:b727414169a36b7d524c1c3e31839a521725078d7b2ff038656844266160a992", size = 48172, upload-time = "2026-01-21T14:26:50.693Z" },
]

[[package]]
name = "sqlparse"
version = "0.5.5"
source = { registry = "https://pypi.org/simple" }
sdist = { url = "https://files.pythonhosted.org/packages/90/76/437d71068094df0726366574cf3432a4ed754217b436eb7429415cf2d480/sqlparse-0.5.5.tar.gz", hash = "sha256:e20d4a9b0b8585fdf63b10d30066c7c94c5d7a7ec47c889a2d83a3caa93ff28e", size = 120815, upload-time = "2025-12-19T07:17:45.073Z" }
wheels = [
    { url = "https://files.pythonhosted.org/packages/49/4b/359f28a903c13438ef59ebeee215fb25da53066db67b305c125f1c6d2a25/sqlparse-0.5.5-py3-none-any.whl", hash = "sha256:12a08b3bf3eec877c519589833aed092e2444e68240a3577e8e26148acc7b1ba", size = 46138, upload-time = "2025-12-19T07:17:46.573Z" },
]

[[package]]
name = "typing-extensions"
version = "4.16.0"
source = { registry = "https://pypi.org/simple" }
sdist = { url = "https://files.pythonhosted.org/packages/f6/cc/6253133b5bb138fc3306cebfbda2c520f545d36b5be2c7255cc528bb45d6/typing_extensions-4.16.0.tar.gz", hash = "sha256:dc983d19a509c94dba722ee6abd33940f7c05a89e243c47e907eb4db6f1a43e5", size = 113555, upload-time = "2026-07-02T08:40:05.92Z" }
wheels = [
    { url = "https://files.pythonhosted.org/packages/49/d3/b8441a820a491ddfc024b0b0cf0393375b75ea13866d9c66727e54c2fc80/typing_extensions-4.16.0-py3-none-any.whl", hash = "sha256:481caa481374e813c1b176ada14e97f1f67a4539ce9cfeb3f350d78d6370c2e8", size = 45571, upload-time = "2026-07-02T08:40:04.659Z" },
]

[[package]]
name = "tzdata"
version = "2026.3"
source = { registry = "https://pypi.org/simple" }
sdist = { url = "https://files.pythonhosted.org/packages/92/ff/5a28bdfd8c3ebec42564ac7d0e54ca3db65044a9314a97f9564fa7a1e926/tzdata-2026.3.tar.gz", hash = "sha256:4a1518b8993086a7982523e071643f3c0e5f213e75b21318e78bcabfff9d1415", size = 198674, upload-time = "2026-07-10T08:50:37.887Z" }
wheels = [
    { url = "https://files.pythonhosted.org/packages/e5/6d/b53b99a9f2766d095985947a5782f1702cabb129a34f7a802d7197af832f/tzdata-2026.3-py2.py3-none-any.whl", hash = "sha256:dc096730c87af6cab1b171c9d532be840741ff5d459015e7f6947bd7d7e54931", size = 348168, upload-time = "2026-07-10T08:50:36.46Z" },
]

[[package]]
name = "tzlocal"
version = "5.4.4"
source = { registry = "https://pypi.org/simple" }
dependencies = [
    { name = "tzdata", marker = "sys_platform == 'win32'" },
]
sdist = { url = "https://files.pythonhosted.org/packages/81/5b/879b2f932adfa7a053c360d50bc896c977fa6426109185f7c12ebdd0cb9d/tzlocal-5.4.4.tar.gz", hash = "sha256:8dbb8660838688a7b6ba4fed31d18dedf842afb4d47ca050d6d891c2c15f3be4", size = 31170, upload-time = "2026-06-29T08:03:40.026Z" }
wheels = [
    { url = "https://files.pythonhosted.org/packages/9e/a4/017a7a6cbe387d961a688ec31364ae60a5c4e22c96ae9921b79a947c855d/tzlocal-5.4.4-py3-none-any.whl", hash = "sha256:aae09f0126a8a86fa736be266eb4a471380d26a0de3bc14844e7821fee3e2a15", size = 18115, upload-time = "2026-06-29T08:03:38.666Z" },
]
